{
  "nodes": {
    "disko": {
      "inputs": {
        "nixpkgs": [
          "nixpkgs"
        ]
      },
      "locked": {
        "lastModified": 1781152676,
        "narHash": "sha256-RxWs5ND31KzTG7wvMM+PMfUjyNpmIEr999lqNARaM5o=",
        "owner": "nix-community",
        "repo": "disko",
        "rev": "ff8702b4de27f72b4c78573dfb89ec74e36abdf1",
        "type": "github"
      },
      "original": {
        "owner": "nix-community",
        "repo": "disko",
        "type": "github"
      }
    },
    "hestia-daemon": {
      "inputs": {
        "nixpkgs": [
          "hestia-firmware",
          "nixpkgs"
        ]
      },
      "locked": {
        "lastModified": 1791473510,
        "narHash": "sha256-Rz+SRz5kPKxXwJ/VXHyK/JqAcrB4zVqDDQ2tljey+yU=",
        "ref": "refs/heads/main",
        "rev": "d5d7ee92811f6a1a113c2ce81555101f5e59216b",
        "revCount": 1,
        "type": "git",
        "url": "https://git.luckyobserver.com/groundedgadgets/hestia-daemon"
      },
      "original": {
        "type": "git",
        "url": "https://git.luckyobserver.com/groundedgadgets/hestia-daemon"
      }
    },
    "hestia-firmware": {
      "inputs": {
        "hestia-daemon": "hestia-daemon",
        "liminix": "liminix",
        "nixpkgs": "nixpkgs"
      },
      "locked": {
        "lastModified": 1791556200,
        "narHash": "sha256-EmQ+Io8l60JRZEfFsJRmCTpf4EeNheRYyyRtxdOaqlU=",
        "ref": "main",
        "rev": "f5588505d027d64ba7c7b8fbc45fd2e16276ff7d",
        "revCount": 5,
        "type": "git",
        "url": "https://git.luckyobserver.com/groundedgadgets/hestia-firmware"
      },
      "original": {
        "ref": "main",
        "rev": "f5588505d027d64ba7c7b8fbc45fd2e16276ff7d",
        "type": "git",
        "url": "https://git.luckyobserver.com/groundedgadgets/hestia-firmware"
      }
    },
    "home-manager": {
      "inputs": {
        "nixpkgs": [
          "impermanence",
          "nixpkgs"
        ]
      },
      "locked": {
        "lastModified": 1768598210,
        "narHash": "sha256-kkgA32s/f4jaa4UG+2f8C225Qvclxnqs76mf8zvTVPg=",
        "owner": "nix-community",
        "repo": "home-manager",
        "rev": "c47b2cc64a629f8e075de52e4742de688f930dc6",
        "type": "github"
      },
      "original": {
        "owner": "nix-community",
        "repo": "home-manager",
        "type": "github"
      }
    },
    "impermanence": {
      "inputs": {
        "home-manager": "home-manager",
        "nixpkgs": [
          "nixpkgs"
        ]
      },
      "locked": {
        "lastModified": 1769548169,
        "narHash": "sha256-03+JxvzmfwRu+5JafM0DLbxgHttOQZkUtDWBmeUkN8Y=",
        "owner": "nix-community",
        "repo": "impermanence",
        "rev": "7b1d382faf603b6d264f58627330f9faa5cba149",
        "type": "github"
      },
      "original": {
        "owner": "nix-community",
        "repo": "impermanence",
        "type": "github"
      }
    },
    "liminix": {
      "flake": false,
      "locked": {
        "lastModified": 1791302236,
        "narHash": "sha256-/osMStAxmrS3G3kfrWAbwWrQIeasMvJaCA3Lr/dP8pU=",
        "ref": "main",
        "rev": "cd6360de601979cdc418c4861589507d078f3ab5",
        "revCount": 1755,
        "type": "git",
        "url": "https://git.luckyobserver.com/groundedgadgets/hestia-liminix"
      },
      "original": {
        "ref": "main",
        "rev": "cd6360de601979cdc418c4861589507d078f3ab5",
        "type": "git",
        "url": "https://git.luckyobserver.com/groundedgadgets/hestia-liminix"
      }
    },
    "nixpkgs": {
      "locked": {
        "lastModified": 1791260994,
        "narHash": "sha256-Miqqk/ammqnTUxaoCyvtwoPeLbI1ksFyLxi/CazZpWY=",
        "owner": "NixOS",
        "repo": "nixpkgs",
        "rev": "151fa4e8ddfdd8dd25d945ad94ed54a13de9f6e4",
        "type": "github"
      },
      "original": {
        "owner": "NixOS",
        "ref": "nixos-unstable",
        "repo": "nixpkgs",
        "type": "github"
      }
    },
    "nixpkgs_2": {
      "locked": {
        "lastModified": 1791254437,
        "narHash": "sha256-qMSsgG+9tIdx282dMqGuJAUK3t6F36clM6efd0rXfes=",
        "owner": "NixOS",
        "repo": "nixpkgs",
        "rev": "b25309931cfda5f0b8805f462a29897eeae50168",
        "type": "github"
      },
      "original": {
        "owner": "NixOS",
        "ref": "nixos-26.05",
        "repo": "nixpkgs",
        "type": "github"
      }
    },
    "root": {
      "inputs": {
        "disko": "disko",
        "hestia-firmware": "hestia-firmware",
        "impermanence": "impermanence",
        "nixpkgs": "nixpkgs_2",
        "sops-nix": "sops-nix"
      }
    },
    "sops-nix": {
      "inputs": {
        "nixpkgs": [
          "nixpkgs"
        ]
      },
      "locked": {
        "lastModified": 1783174389,
        "narHash": "sha256-aCWC8ngycU7OdJrU2+Je3qf+1a2ykuBvpPhZT/9tXMc=",
        "owner": "Mic92",
        "repo": "sops-nix",
        "rev": "f1406619a3884cd5c47992a70b8b35c9c0fcb4c9",
        "type": "github"
      },
      "original": {
        "owner": "Mic92",
        "repo": "sops-nix",
        "type": "github"
      }
    }
  },
  "root": "root",
  "version": 7
}
